
Microsoft Visual Studio Solution File, Format Version 12.00
# Visual Studio Version 16
VisualStudioVersion = 16.0.28803.452
MinimumVisualStudioVersion = 10.0.40219.1
Project("{F184B08F-C81C-45F6-A57F-5ABD9991F28F}") = "test-github", "test-github\test-github.vbproj", "{71AA4D44-B98F-4FE2-BAF2-A9EC1B7E49F9}"
EndProject
Global
	GlobalSection(SolutionConfigurationPlatforms) = preSolution
		Debug|Any CPU = Debug|Any CPU
		Release|Any CPU = Release|Any CPU
	EndGlobalSection
	GlobalSection(ProjectConfigurationPlatforms) = postSolution
		{71AA4D44-B98F-4FE2-BAF2-A9EC1B7E49F9}.Debug|Any CPU.ActiveCfg = Debug|Any CPU
		{71AA4D44-B98F-4FE2-BAF2-A9EC1B7E49F9}.Debug|Any CPU.Build.0 = Debug|Any CPU
		{71AA4D44-B98F-4FE2-BAF2-A9EC1B7E49F9}.Release|Any CPU.ActiveCfg = Release|Any CPU
		{71AA4D44-B98F-4FE2-BAF2-A9EC1B7E49F9}.Release|Any CPU.Build.0 = Release|Any CPU
	EndGlobalSection
	GlobalSection(SolutionProperties) = preSolution
		HideSolutionNode = FALSE
	EndGlobalSection
	GlobalSection(ExtensibilityGlobals) = postSolution
		SolutionGuid = {511BA57D-0C02-4701-A900-992BD75F7BF4}
	EndGlobalSection
EndGlobal
